
Microsoft Visual Studio Solution File, Format Version 12.00
# Visual Studio 2012
Project("{2150E333-8FDC-42A3-9474-1A3956D46DE8}") = "3rdparty", "3rdparty", "{537D30E0-2599-47AC-91F8-A9C95F745D03}"
EndProject
Project("{8BC9CEB8-8B4A-11D0-8D11-00A0C91BC942}") = "DuiLib", "3rdparty\DuiLib\DuiLib.vcxproj", "{E106ACD7-4E53-4AEE-942B-D0DD426DB34E}"
EndProject
Project("{8BC9CEB8-8B4A-11D0-8D11-00A0C91BC942}") = "libcef_dll_wrapper_49_2623", "3rdparty\libcef_dll_49_2623\libcef_dll\libcef_dll_wrapper_49_2623.vcxproj", "{150A6289-B581-3FAA-A3F3-47517B1DC3D4}"
EndProject
Project("{8BC9CEB8-8B4A-11D0-8D11-00A0C91BC942}") = "BrowserApp", "BrowserApp\BrowserApp.vcxproj", "{213EEEEB-0024-4F4C-80C8-5CCEB7CFEF29}"
EndProject
Project("{8BC9CEB8-8B4A-11D0-8D11-00A0C91BC942}") = "glog", "3rdparty\glog-master\InstallBuild\glog.vcxproj", "{808A8216-990A-37E9-90F1-C0CEC7836BC2}"
EndProject
Project("{8BC9CEB8-8B4A-11D0-8D11-00A0C91BC942}") = "libcef_wrapper_wrapper", "3rdparty\libcef_wrapper_wrapper\libcef_wrapper_wrapper.vcxproj", "{D3B2EB6F-E89F-4322-8731-9B9222FA2613}"
EndProject
Project("{8BC9CEB8-8B4A-11D0-8D11-00A0C91BC942}") = "encrypt", "3rdparty\encrypt\encrypt.vcxproj", "{F52DB916-19C4-47AA-A09B-BE2C460275E6}"
EndProject
Project("{8BC9CEB8-8B4A-11D0-8D11-00A0C91BC942}") = "util", "3rdparty\util\util.vcxproj", "{6703BD50-421B-4E0A-BB7C-0AF47AE54327}"
EndProject
Project("{8BC9CEB8-8B4A-11D0-8D11-00A0C91BC942}") = "libcef_dll_wrapper_69_3497", "3rdparty\libcef_dll_69_3497\libcef_dll\libcef_dll_wrapper_69_3497.vcxproj", "{B1D076F1-BD6A-4B02-A831-5CB609565FC0}"
EndProject
Project("{8BC9CEB8-8B4A-11D0-8D11-00A0C91BC942}") = "ImagingEngine", "3rdparty\ImagingEngineLib\ImagingEngineLib.vcxproj", "{B09C0226-7EEC-426C-A1E7-719F5149F60A}"
EndProject
Global
	GlobalSection(SolutionConfigurationPlatforms) = preSolution
		Debug_69_3497|Win32 = Debug_69_3497|Win32
		Debug_69_3497|x64 = Debug_69_3497|x64
		Debug_vtk8.0|Win32 = Debug_vtk8.0|Win32
		Debug_vtk8.0|x64 = Debug_vtk8.0|x64
		Debug|Win32 = Debug|Win32
		Debug|x64 = Debug|x64
		MinSizeRel|Win32 = MinSizeRel|Win32
		MinSizeRel|x64 = MinSizeRel|x64
		Rel_69_3497|Win32 = Rel_69_3497|Win32
		Rel_69_3497|x64 = Rel_69_3497|x64
		Release|Win32 = Release|Win32
		Release|x64 = Release|x64
		RelWithDebInfo|Win32 = RelWithDebInfo|Win32
		RelWithDebInfo|x64 = RelWithDebInfo|x64
	EndGlobalSection
	GlobalSection(ProjectConfigurationPlatforms) = postSolution
		{E106ACD7-4E53-4AEE-942B-D0DD426DB34E}.Debug_69_3497|Win32.ActiveCfg = Debug|Win32
		{E106ACD7-4E53-4AEE-942B-D0DD426DB34E}.Debug_69_3497|Win32.Build.0 = Debug|Win32
		{E106ACD7-4E53-4AEE-942B-D0DD426DB34E}.Debug_69_3497|x64.ActiveCfg = Debug|x64
		{E106ACD7-4E53-4AEE-942B-D0DD426DB34E}.Debug_69_3497|x64.Build.0 = Debug|x64
		{E106ACD7-4E53-4AEE-942B-D0DD426DB34E}.Debug_vtk8.0|Win32.ActiveCfg = Debug|Win32
		{E106ACD7-4E53-4AEE-942B-D0DD426DB34E}.Debug_vtk8.0|Win32.Build.0 = Debug|Win32
		{E106ACD7-4E53-4AEE-942B-D0DD426DB34E}.Debug_vtk8.0|x64.ActiveCfg = Debug|x64
		{E106ACD7-4E53-4AEE-942B-D0DD426DB34E}.Debug_vtk8.0|x64.Build.0 = Debug|x64
		{E106ACD7-4E53-4AEE-942B-D0DD426DB34E}.Debug|Win32.ActiveCfg = Debug|Win32
		{E106ACD7-4E53-4AEE-942B-D0DD426DB34E}.Debug|Win32.Build.0 = Debug|Win32
		{E106ACD7-4E53-4AEE-942B-D0DD426DB34E}.Debug|x64.ActiveCfg = Debug|x64
		{E106ACD7-4E53-4AEE-942B-D0DD426DB34E}.Debug|x64.Build.0 = Debug|x64
		{E106ACD7-4E53-4AEE-942B-D0DD426DB34E}.MinSizeRel|Win32.ActiveCfg = Release|Win32
		{E106ACD7-4E53-4AEE-942B-D0DD426DB34E}.MinSizeRel|Win32.Build.0 = Release|Win32
		{E106ACD7-4E53-4AEE-942B-D0DD426DB34E}.MinSizeRel|x64.ActiveCfg = Release|x64
		{E106ACD7-4E53-4AEE-942B-D0DD426DB34E}.MinSizeRel|x64.Build.0 = Release|x64
		{E106ACD7-4E53-4AEE-942B-D0DD426DB34E}.Rel_69_3497|Win32.ActiveCfg = Release|Win32
		{E106ACD7-4E53-4AEE-942B-D0DD426DB34E}.Rel_69_3497|Win32.Build.0 = Release|Win32
		{E106ACD7-4E53-4AEE-942B-D0DD426DB34E}.Rel_69_3497|x64.ActiveCfg = Release|x64
		{E106ACD7-4E53-4AEE-942B-D0DD426DB34E}.Release|Win32.ActiveCfg = Release|Win32
		{E106ACD7-4E53-4AEE-942B-D0DD426DB34E}.Release|Win32.Build.0 = Release|Win32
		{E106ACD7-4E53-4AEE-942B-D0DD426DB34E}.Release|x64.ActiveCfg = Release|x64
		{E106ACD7-4E53-4AEE-942B-D0DD426DB34E}.Release|x64.Build.0 = Release|x64
		{E106ACD7-4E53-4AEE-942B-D0DD426DB34E}.RelWithDebInfo|Win32.ActiveCfg = Release|Win32
		{E106ACD7-4E53-4AEE-942B-D0DD426DB34E}.RelWithDebInfo|Win32.Build.0 = Release|Win32
		{E106ACD7-4E53-4AEE-942B-D0DD426DB34E}.RelWithDebInfo|x64.ActiveCfg = Release|x64
		{E106ACD7-4E53-4AEE-942B-D0DD426DB34E}.RelWithDebInfo|x64.Build.0 = Release|x64
		{150A6289-B581-3FAA-A3F3-47517B1DC3D4}.Debug_69_3497|Win32.ActiveCfg = Debug|Win32
		{150A6289-B581-3FAA-A3F3-47517B1DC3D4}.Debug_69_3497|x64.ActiveCfg = Debug|Win32
		{150A6289-B581-3FAA-A3F3-47517B1DC3D4}.Debug_vtk8.0|Win32.ActiveCfg = Debug|Win32
		{150A6289-B581-3FAA-A3F3-47517B1DC3D4}.Debug_vtk8.0|Win32.Build.0 = Debug|Win32
		{150A6289-B581-3FAA-A3F3-47517B1DC3D4}.Debug_vtk8.0|x64.ActiveCfg = Debug|Win32
		{150A6289-B581-3FAA-A3F3-47517B1DC3D4}.Debug|Win32.ActiveCfg = Debug|Win32
		{150A6289-B581-3FAA-A3F3-47517B1DC3D4}.Debug|Win32.Build.0 = Debug|Win32
		{150A6289-B581-3FAA-A3F3-47517B1DC3D4}.Debug|x64.ActiveCfg = Debug|Win32
		{150A6289-B581-3FAA-A3F3-47517B1DC3D4}.MinSizeRel|Win32.ActiveCfg = Release|Win32
		{150A6289-B581-3FAA-A3F3-47517B1DC3D4}.MinSizeRel|Win32.Build.0 = Release|Win32
		{150A6289-B581-3FAA-A3F3-47517B1DC3D4}.MinSizeRel|x64.ActiveCfg = Release|Win32
		{150A6289-B581-3FAA-A3F3-47517B1DC3D4}.Rel_69_3497|Win32.ActiveCfg = Release|Win32
		{150A6289-B581-3FAA-A3F3-47517B1DC3D4}.Rel_69_3497|x64.ActiveCfg = Release|Win32
		{150A6289-B581-3FAA-A3F3-47517B1DC3D4}.Release|Win32.ActiveCfg = Release|Win32
		{150A6289-B581-3FAA-A3F3-47517B1DC3D4}.Release|Win32.Build.0 = Release|Win32
		{150A6289-B581-3FAA-A3F3-47517B1DC3D4}.Release|x64.ActiveCfg = Release|Win32
		{150A6289-B581-3FAA-A3F3-47517B1DC3D4}.RelWithDebInfo|Win32.ActiveCfg = Release|Win32
		{150A6289-B581-3FAA-A3F3-47517B1DC3D4}.RelWithDebInfo|Win32.Build.0 = Release|Win32
		{150A6289-B581-3FAA-A3F3-47517B1DC3D4}.RelWithDebInfo|x64.ActiveCfg = Release|Win32
		{213EEEEB-0024-4F4C-80C8-5CCEB7CFEF29}.Debug_69_3497|Win32.ActiveCfg = Debug_69_3497|Win32
		{213EEEEB-0024-4F4C-80C8-5CCEB7CFEF29}.Debug_69_3497|Win32.Build.0 = Debug_69_3497|Win32
		{213EEEEB-0024-4F4C-80C8-5CCEB7CFEF29}.Debug_69_3497|x64.ActiveCfg = Debug_69_3497|Win32
		{213EEEEB-0024-4F4C-80C8-5CCEB7CFEF29}.Debug_vtk8.0|Win32.ActiveCfg = Debug_69_3497|Win32
		{213EEEEB-0024-4F4C-80C8-5CCEB7CFEF29}.Debug_vtk8.0|Win32.Build.0 = Debug_69_3497|Win32
		{213EEEEB-0024-4F4C-80C8-5CCEB7CFEF29}.Debug_vtk8.0|x64.ActiveCfg = Debug_69_3497|Win32
		{213EEEEB-0024-4F4C-80C8-5CCEB7CFEF29}.Debug|Win32.ActiveCfg = Debug|Win32
		{213EEEEB-0024-4F4C-80C8-5CCEB7CFEF29}.Debug|Win32.Build.0 = Debug|Win32
		{213EEEEB-0024-4F4C-80C8-5CCEB7CFEF29}.Debug|x64.ActiveCfg = Debug|Win32
		{213EEEEB-0024-4F4C-80C8-5CCEB7CFEF29}.MinSizeRel|Win32.ActiveCfg = Release|Win32
		{213EEEEB-0024-4F4C-80C8-5CCEB7CFEF29}.MinSizeRel|Win32.Build.0 = Release|Win32
		{213EEEEB-0024-4F4C-80C8-5CCEB7CFEF29}.MinSizeRel|x64.ActiveCfg = Release|Win32
		{213EEEEB-0024-4F4C-80C8-5CCEB7CFEF29}.Rel_69_3497|Win32.ActiveCfg = Release_69_3497|Win32
		{213EEEEB-0024-4F4C-80C8-5CCEB7CFEF29}.Rel_69_3497|Win32.Build.0 = Release_69_3497|Win32
		{213EEEEB-0024-4F4C-80C8-5CCEB7CFEF29}.Rel_69_3497|Win32.Deploy.0 = Release_69_3497|Win32
		{213EEEEB-0024-4F4C-80C8-5CCEB7CFEF29}.Rel_69_3497|x64.ActiveCfg = Release_69_3497|Win32
		{213EEEEB-0024-4F4C-80C8-5CCEB7CFEF29}.Release|Win32.ActiveCfg = Release|Win32
		{213EEEEB-0024-4F4C-80C8-5CCEB7CFEF29}.Release|Win32.Build.0 = Release|Win32
		{213EEEEB-0024-4F4C-80C8-5CCEB7CFEF29}.Release|x64.ActiveCfg = Release|Win32
		{213EEEEB-0024-4F4C-80C8-5CCEB7CFEF29}.RelWithDebInfo|Win32.ActiveCfg = Release|Win32
		{213EEEEB-0024-4F4C-80C8-5CCEB7CFEF29}.RelWithDebInfo|Win32.Build.0 = Release|Win32
		{213EEEEB-0024-4F4C-80C8-5CCEB7CFEF29}.RelWithDebInfo|x64.ActiveCfg = Release|Win32
		{808A8216-990A-37E9-90F1-C0CEC7836BC2}.Debug_69_3497|Win32.ActiveCfg = Debug|Win32
		{808A8216-990A-37E9-90F1-C0CEC7836BC2}.Debug_69_3497|Win32.Build.0 = Debug|Win32
		{808A8216-990A-37E9-90F1-C0CEC7836BC2}.Debug_69_3497|x64.ActiveCfg = Debug|x64
		{808A8216-990A-37E9-90F1-C0CEC7836BC2}.Debug_69_3497|x64.Build.0 = Debug|x64
		{808A8216-990A-37E9-90F1-C0CEC7836BC2}.Debug_vtk8.0|Win32.ActiveCfg = Debug|Win32
		{808A8216-990A-37E9-90F1-C0CEC7836BC2}.Debug_vtk8.0|Win32.Build.0 = Debug|Win32
		{808A8216-990A-37E9-90F1-C0CEC7836BC2}.Debug_vtk8.0|x64.ActiveCfg = Debug|x64
		{808A8216-990A-37E9-90F1-C0CEC7836BC2}.Debug_vtk8.0|x64.Build.0 = Debug|x64
		{808A8216-990A-37E9-90F1-C0CEC7836BC2}.Debug|Win32.ActiveCfg = Debug|Win32
		{808A8216-990A-37E9-90F1-C0CEC7836BC2}.Debug|Win32.Build.0 = Debug|Win32
		{808A8216-990A-37E9-90F1-C0CEC7836BC2}.Debug|x64.ActiveCfg = Debug|Win32
		{808A8216-990A-37E9-90F1-C0CEC7836BC2}.MinSizeRel|Win32.ActiveCfg = MinSizeRel|Win32
		{808A8216-990A-37E9-90F1-C0CEC7836BC2}.MinSizeRel|Win32.Build.0 = MinSizeRel|Win32
		{808A8216-990A-37E9-90F1-C0CEC7836BC2}.MinSizeRel|x64.ActiveCfg = MinSizeRel|Win32
		{808A8216-990A-37E9-90F1-C0CEC7836BC2}.Rel_69_3497|Win32.ActiveCfg = Release|Win32
		{808A8216-990A-37E9-90F1-C0CEC7836BC2}.Rel_69_3497|Win32.Build.0 = Release|Win32
		{808A8216-990A-37E9-90F1-C0CEC7836BC2}.Rel_69_3497|x64.ActiveCfg = Release|Win32
		{808A8216-990A-37E9-90F1-C0CEC7836BC2}.Release|Win32.ActiveCfg = Release|Win32
		{808A8216-990A-37E9-90F1-C0CEC7836BC2}.Release|Win32.Build.0 = Release|Win32
		{808A8216-990A-37E9-90F1-C0CEC7836BC2}.Release|x64.ActiveCfg = Release|Win32
		{808A8216-990A-37E9-90F1-C0CEC7836BC2}.RelWithDebInfo|Win32.ActiveCfg = RelWithDebInfo|Win32
		{808A8216-990A-37E9-90F1-C0CEC7836BC2}.RelWithDebInfo|Win32.Build.0 = RelWithDebInfo|Win32
		{808A8216-990A-37E9-90F1-C0CEC7836BC2}.RelWithDebInfo|x64.ActiveCfg = RelWithDebInfo|Win32
		{D3B2EB6F-E89F-4322-8731-9B9222FA2613}.Debug_69_3497|Win32.ActiveCfg = Debug_69_3497|Win32
		{D3B2EB6F-E89F-4322-8731-9B9222FA2613}.Debug_69_3497|Win32.Build.0 = Debug_69_3497|Win32
		{D3B2EB6F-E89F-4322-8731-9B9222FA2613}.Debug_69_3497|x64.ActiveCfg = Debug|Win32
		{D3B2EB6F-E89F-4322-8731-9B9222FA2613}.Debug_vtk8.0|Win32.ActiveCfg = Debug_69_3497|Win32
		{D3B2EB6F-E89F-4322-8731-9B9222FA2613}.Debug_vtk8.0|Win32.Build.0 = Debug_69_3497|Win32
		{D3B2EB6F-E89F-4322-8731-9B9222FA2613}.Debug_vtk8.0|x64.ActiveCfg = Debug_69_3497|Win32
		{D3B2EB6F-E89F-4322-8731-9B9222FA2613}.Debug|Win32.ActiveCfg = Debug|Win32
		{D3B2EB6F-E89F-4322-8731-9B9222FA2613}.Debug|Win32.Build.0 = Debug|Win32
		{D3B2EB6F-E89F-4322-8731-9B9222FA2613}.Debug|x64.ActiveCfg = Debug|Win32
		{D3B2EB6F-E89F-4322-8731-9B9222FA2613}.MinSizeRel|Win32.ActiveCfg = Release|Win32
		{D3B2EB6F-E89F-4322-8731-9B9222FA2613}.MinSizeRel|Win32.Build.0 = Release|Win32
		{D3B2EB6F-E89F-4322-8731-9B9222FA2613}.MinSizeRel|x64.ActiveCfg = Release|Win32
		{D3B2EB6F-E89F-4322-8731-9B9222FA2613}.Rel_69_3497|Win32.ActiveCfg = Release_69_3497|Win32
		{D3B2EB6F-E89F-4322-8731-9B9222FA2613}.Rel_69_3497|Win32.Build.0 = Release_69_3497|Win32
		{D3B2EB6F-E89F-4322-8731-9B9222FA2613}.Rel_69_3497|x64.ActiveCfg = Release|Win32
		{D3B2EB6F-E89F-4322-8731-9B9222FA2613}.Release|Win32.ActiveCfg = Release|Win32
		{D3B2EB6F-E89F-4322-8731-9B9222FA2613}.Release|Win32.Build.0 = Release|Win32
		{D3B2EB6F-E89F-4322-8731-9B9222FA2613}.Release|x64.ActiveCfg = Release|Win32
		{D3B2EB6F-E89F-4322-8731-9B9222FA2613}.RelWithDebInfo|Win32.ActiveCfg = Release|Win32
		{D3B2EB6F-E89F-4322-8731-9B9222FA2613}.RelWithDebInfo|Win32.Build.0 = Release|Win32
		{D3B2EB6F-E89F-4322-8731-9B9222FA2613}.RelWithDebInfo|x64.ActiveCfg = Release|Win32
		{F52DB916-19C4-47AA-A09B-BE2C460275E6}.Debug_69_3497|Win32.ActiveCfg = Debug|Win32
		{F52DB916-19C4-47AA-A09B-BE2C460275E6}.Debug_69_3497|Win32.Build.0 = Debug|Win32
		{F52DB916-19C4-47AA-A09B-BE2C460275E6}.Debug_69_3497|x64.ActiveCfg = Debug|Win32
		{F52DB916-19C4-47AA-A09B-BE2C460275E6}.Debug_vtk8.0|Win32.ActiveCfg = Debug|Win32
		{F52DB916-19C4-47AA-A09B-BE2C460275E6}.Debug_vtk8.0|Win32.Build.0 = Debug|Win32
		{F52DB916-19C4-47AA-A09B-BE2C460275E6}.Debug_vtk8.0|x64.ActiveCfg = Debug|Win32
		{F52DB916-19C4-47AA-A09B-BE2C460275E6}.Debug|Win32.ActiveCfg = Debug|Win32
		{F52DB916-19C4-47AA-A09B-BE2C460275E6}.Debug|Win32.Build.0 = Debug|Win32
		{F52DB916-19C4-47AA-A09B-BE2C460275E6}.Debug|x64.ActiveCfg = Debug|Win32
		{F52DB916-19C4-47AA-A09B-BE2C460275E6}.MinSizeRel|Win32.ActiveCfg = Release|Win32
		{F52DB916-19C4-47AA-A09B-BE2C460275E6}.MinSizeRel|Win32.Build.0 = Release|Win32
		{F52DB916-19C4-47AA-A09B-BE2C460275E6}.MinSizeRel|x64.ActiveCfg = Release|Win32
		{F52DB916-19C4-47AA-A09B-BE2C460275E6}.Rel_69_3497|Win32.ActiveCfg = Release|Win32
		{F52DB916-19C4-47AA-A09B-BE2C460275E6}.Rel_69_3497|Win32.Build.0 = Release|Win32
		{F52DB916-19C4-47AA-A09B-BE2C460275E6}.Rel_69_3497|x64.ActiveCfg = Release|Win32
		{F52DB916-19C4-47AA-A09B-BE2C460275E6}.Release|Win32.ActiveCfg = Release|Win32
		{F52DB916-19C4-47AA-A09B-BE2C460275E6}.Release|Win32.Build.0 = Release|Win32
		{F52DB916-19C4-47AA-A09B-BE2C460275E6}.Release|x64.ActiveCfg = Release|Win32
		{F52DB916-19C4-47AA-A09B-BE2C460275E6}.RelWithDebInfo|Win32.ActiveCfg = Release|Win32
		{F52DB916-19C4-47AA-A09B-BE2C460275E6}.RelWithDebInfo|Win32.Build.0 = Release|Win32
		{F52DB916-19C4-47AA-A09B-BE2C460275E6}.RelWithDebInfo|x64.ActiveCfg = Release|Win32
		{6703BD50-421B-4E0A-BB7C-0AF47AE54327}.Debug_69_3497|Win32.ActiveCfg = Debug|Win32
		{6703BD50-421B-4E0A-BB7C-0AF47AE54327}.Debug_69_3497|Win32.Build.0 = Debug|Win32
		{6703BD50-421B-4E0A-BB7C-0AF47AE54327}.Debug_69_3497|x64.ActiveCfg = Debug|Win32
		{6703BD50-421B-4E0A-BB7C-0AF47AE54327}.Debug_vtk8.0|Win32.ActiveCfg = Debug|Win32
		{6703BD50-421B-4E0A-BB7C-0AF47AE54327}.Debug_vtk8.0|Win32.Build.0 = Debug|Win32
		{6703BD50-421B-4E0A-BB7C-0AF47AE54327}.Debug_vtk8.0|x64.ActiveCfg = Debug|Win32
		{6703BD50-421B-4E0A-BB7C-0AF47AE54327}.Debug|Win32.ActiveCfg = Debug|Win32
		{6703BD50-421B-4E0A-BB7C-0AF47AE54327}.Debug|Win32.Build.0 = Debug|Win32
		{6703BD50-421B-4E0A-BB7C-0AF47AE54327}.Debug|x64.ActiveCfg = Debug|Win32
		{6703BD50-421B-4E0A-BB7C-0AF47AE54327}.MinSizeRel|Win32.ActiveCfg = Release|Win32
		{6703BD50-421B-4E0A-BB7C-0AF47AE54327}.MinSizeRel|Win32.Build.0 = Release|Win32
		{6703BD50-421B-4E0A-BB7C-0AF47AE54327}.MinSizeRel|x64.ActiveCfg = Release|Win32
		{6703BD50-421B-4E0A-BB7C-0AF47AE54327}.Rel_69_3497|Win32.ActiveCfg = Release|Win32
		{6703BD50-421B-4E0A-BB7C-0AF47AE54327}.Rel_69_3497|Win32.Build.0 = Release|Win32
		{6703BD50-421B-4E0A-BB7C-0AF47AE54327}.Rel_69_3497|x64.ActiveCfg = Release|Win32
		{6703BD50-421B-4E0A-BB7C-0AF47AE54327}.Release|Win32.ActiveCfg = Release|Win32
		{6703BD50-421B-4E0A-BB7C-0AF47AE54327}.Release|Win32.Build.0 = Release|Win32
		{6703BD50-421B-4E0A-BB7C-0AF47AE54327}.Release|x64.ActiveCfg = Release|Win32
		{6703BD50-421B-4E0A-BB7C-0AF47AE54327}.RelWithDebInfo|Win32.ActiveCfg = Release|Win32
		{6703BD50-421B-4E0A-BB7C-0AF47AE54327}.RelWithDebInfo|Win32.Build.0 = Release|Win32
		{6703BD50-421B-4E0A-BB7C-0AF47AE54327}.RelWithDebInfo|x64.ActiveCfg = Release|Win32
		{B1D076F1-BD6A-4B02-A831-5CB609565FC0}.Debug_69_3497|Win32.ActiveCfg = Debug|Win32
		{B1D076F1-BD6A-4B02-A831-5CB609565FC0}.Debug_69_3497|Win32.Build.0 = Debug|Win32
		{B1D076F1-BD6A-4B02-A831-5CB609565FC0}.Debug_69_3497|x64.ActiveCfg = Debug|Win32
		{B1D076F1-BD6A-4B02-A831-5CB609565FC0}.Debug_vtk8.0|Win32.ActiveCfg = Debug|Win32
		{B1D076F1-BD6A-4B02-A831-5CB609565FC0}.Debug_vtk8.0|Win32.Build.0 = Debug|Win32
		{B1D076F1-BD6A-4B02-A831-5CB609565FC0}.Debug_vtk8.0|x64.ActiveCfg = Debug|Win32
		{B1D076F1-BD6A-4B02-A831-5CB609565FC0}.Debug|Win32.ActiveCfg = Debug|Win32
		{B1D076F1-BD6A-4B02-A831-5CB609565FC0}.Debug|x64.ActiveCfg = Debug|Win32
		{B1D076F1-BD6A-4B02-A831-5CB609565FC0}.MinSizeRel|Win32.ActiveCfg = Release|Win32
		{B1D076F1-BD6A-4B02-A831-5CB609565FC0}.MinSizeRel|Win32.Build.0 = Release|Win32
		{B1D076F1-BD6A-4B02-A831-5CB609565FC0}.MinSizeRel|x64.ActiveCfg = Release|Win32
		{B1D076F1-BD6A-4B02-A831-5CB609565FC0}.Rel_69_3497|Win32.ActiveCfg = Release|Win32
		{B1D076F1-BD6A-4B02-A831-5CB609565FC0}.Rel_69_3497|Win32.Build.0 = Release|Win32
		{B1D076F1-BD6A-4B02-A831-5CB609565FC0}.Rel_69_3497|x64.ActiveCfg = Release|Win32
		{B1D076F1-BD6A-4B02-A831-5CB609565FC0}.Release|Win32.ActiveCfg = Release|Win32
		{B1D076F1-BD6A-4B02-A831-5CB609565FC0}.Release|x64.ActiveCfg = Release|Win32
		{B1D076F1-BD6A-4B02-A831-5CB609565FC0}.RelWithDebInfo|Win32.ActiveCfg = Release|Win32
		{B1D076F1-BD6A-4B02-A831-5CB609565FC0}.RelWithDebInfo|Win32.Build.0 = Release|Win32
		{B1D076F1-BD6A-4B02-A831-5CB609565FC0}.RelWithDebInfo|x64.ActiveCfg = Release|Win32
		{B09C0226-7EEC-426C-A1E7-719F5149F60A}.Debug_69_3497|Win32.ActiveCfg = Debug|Win32
		{B09C0226-7EEC-426C-A1E7-719F5149F60A}.Debug_69_3497|Win32.Build.0 = Debug|Win32
		{B09C0226-7EEC-426C-A1E7-719F5149F60A}.Debug_69_3497|x64.ActiveCfg = Debug_vtk8.0|Win32
		{B09C0226-7EEC-426C-A1E7-719F5149F60A}.Debug_vtk8.0|Win32.ActiveCfg = Debug_vtk8.0|Win32
		{B09C0226-7EEC-426C-A1E7-719F5149F60A}.Debug_vtk8.0|Win32.Build.0 = Debug_vtk8.0|Win32
		{B09C0226-7EEC-426C-A1E7-719F5149F60A}.Debug_vtk8.0|x64.ActiveCfg = Debug_vtk8.0|Win32
		{B09C0226-7EEC-426C-A1E7-719F5149F60A}.Debug|Win32.ActiveCfg = Debug|Win32
		{B09C0226-7EEC-426C-A1E7-719F5149F60A}.Debug|Win32.Build.0 = Debug|Win32
		{B09C0226-7EEC-426C-A1E7-719F5149F60A}.Debug|x64.ActiveCfg = Debug|Win32
		{B09C0226-7EEC-426C-A1E7-719F5149F60A}.MinSizeRel|Win32.ActiveCfg = Release|Win32
		{B09C0226-7EEC-426C-A1E7-719F5149F60A}.MinSizeRel|Win32.Build.0 = Release|Win32
		{B09C0226-7EEC-426C-A1E7-719F5149F60A}.MinSizeRel|x64.ActiveCfg = Release|Win32
		{B09C0226-7EEC-426C-A1E7-719F5149F60A}.Rel_69_3497|Win32.ActiveCfg = Release|Win32
		{B09C0226-7EEC-426C-A1E7-719F5149F60A}.Rel_69_3497|Win32.Build.0 = Release|Win32
		{B09C0226-7EEC-426C-A1E7-719F5149F60A}.Rel_69_3497|x64.ActiveCfg = Release|Win32
		{B09C0226-7EEC-426C-A1E7-719F5149F60A}.Release|Win32.ActiveCfg = Release|Win32
		{B09C0226-7EEC-426C-A1E7-719F5149F60A}.Release|Win32.Build.0 = Release|Win32
		{B09C0226-7EEC-426C-A1E7-719F5149F60A}.Release|x64.ActiveCfg = Release|Win32
		{B09C0226-7EEC-426C-A1E7-719F5149F60A}.RelWithDebInfo|Win32.ActiveCfg = Release|Win32
		{B09C0226-7EEC-426C-A1E7-719F5149F60A}.RelWithDebInfo|Win32.Build.0 = Release|Win32
		{B09C0226-7EEC-426C-A1E7-719F5149F60A}.RelWithDebInfo|x64.ActiveCfg = Release|Win32
	EndGlobalSection
	GlobalSection(SolutionProperties) = preSolution
		HideSolutionNode = FALSE
	EndGlobalSection
	GlobalSection(NestedProjects) = preSolution
		{E106ACD7-4E53-4AEE-942B-D0DD426DB34E} = {537D30E0-2599-47AC-91F8-A9C95F745D03}
		{150A6289-B581-3FAA-A3F3-47517B1DC3D4} = {537D30E0-2599-47AC-91F8-A9C95F745D03}
		{808A8216-990A-37E9-90F1-C0CEC7836BC2} = {537D30E0-2599-47AC-91F8-A9C95F745D03}
		{D3B2EB6F-E89F-4322-8731-9B9222FA2613} = {537D30E0-2599-47AC-91F8-A9C95F745D03}
		{F52DB916-19C4-47AA-A09B-BE2C460275E6} = {537D30E0-2599-47AC-91F8-A9C95F745D03}
		{6703BD50-421B-4E0A-BB7C-0AF47AE54327} = {537D30E0-2599-47AC-91F8-A9C95F745D03}
		{B1D076F1-BD6A-4B02-A831-5CB609565FC0} = {537D30E0-2599-47AC-91F8-A9C95F745D03}
		{B09C0226-7EEC-426C-A1E7-719F5149F60A} = {537D30E0-2599-47AC-91F8-A9C95F745D03}
	EndGlobalSection
EndGlobal
