<?xml version="1.0" encoding="utf-8"?>
<Project ToolsVersion="4.0" xmlns="http://schemas.microsoft.com/developer/msbuild/2003">
  <ItemGroup>
    <Filter Include="main">
      <UniqueIdentifier>{8f8c6130-af2f-40d4-8c69-cd8c6be96920}</UniqueIdentifier>
    </Filter>
    <Filter Include="resources">
      <UniqueIdentifier>{a8be5b3e-1817-4fec-89fe-46535d5a77ba}</UniqueIdentifier>
    </Filter>
    <Filter Include="resources\images">
      <UniqueIdentifier>{de8ea815-c6de-4b77-aeee-af05cd932d27}</UniqueIdentifier>
    </Filter>
    <Filter Include="resources\html">
      <UniqueIdentifier>{dee73be8-37e5-4921-9116-2b7fa158928c}</UniqueIdentifier>
    </Filter>
    <Filter Include="resources\Skin">
      <UniqueIdentifier>{f366f94f-f06c-4013-86f6-6d5add6aa363}</UniqueIdentifier>
    </Filter>
    <Filter Include="menu_tray">
      <UniqueIdentifier>{a3c0bfc2-bd34-4d12-b688-42ecf00933b0}</UniqueIdentifier>
    </Filter>
    <Filter Include="screen">
      <UniqueIdentifier>{aa1d377a-1211-4744-894e-c125586066e0}</UniqueIdentifier>
    </Filter>
    <Filter Include="extended_control">
      <UniqueIdentifier>{c5ae12b6-f3d5-4915-9202-9e90768b7243}</UniqueIdentifier>
    </Filter>
    <Filter Include="data_transfer_control">
      <UniqueIdentifier>{1f1afae6-c0f7-4501-952a-1ba30edede61}</UniqueIdentifier>
    </Filter>
    <Filter Include="头文件">
      <UniqueIdentifier>{3bfb1355-05ca-4b04-815a-8b06ae2a70ed}</UniqueIdentifier>
    </Filter>
    <Filter Include="main\vtk_dicom_demo">
      <UniqueIdentifier>{e68652b9-2d4d-44c3-9ec0-269cdec45fd7}</UniqueIdentifier>
    </Filter>
    <Filter Include="main\vtk_3d">
      <UniqueIdentifier>{b26ecc29-bc34-4770-aecf-2b8f59548ddb}</UniqueIdentifier>
    </Filter>
  </ItemGroup>
  <ItemGroup>
    <ClInclude Include="main\WndSimpleFrame.h">
      <Filter>main</Filter>
    </ClInclude>
    <ClInclude Include="stdafx.h" />
    <ClInclude Include="resource.h">
      <Filter>resources</Filter>
    </ClInclude>
    <ClInclude Include="main\BrowserWndManager.h">
      <Filter>main</Filter>
    </ClInclude>
    <ClInclude Include="main\WndFrameBase.h">
      <Filter>main</Filter>
    </ClInclude>
    <ClInclude Include="menu_tray\menu_tray_wnd.h">
      <Filter>menu_tray</Filter>
    </ClInclude>
    <ClInclude Include="menu_tray\menu_tray_set_wnd.h">
      <Filter>menu_tray</Filter>
    </ClInclude>
    <ClInclude Include="screen\screen_info_controller.h">
      <Filter>screen</Filter>
    </ClInclude>
    <ClInclude Include="main\print_preview.h">
      <Filter>main</Filter>
    </ClInclude>
    <ClInclude Include="main\WndSubFrame.h">
      <Filter>main</Filter>
    </ClInclude>
    <ClInclude Include="fileversion_number.h">
      <Filter>resources</Filter>
    </ClInclude>
    <ClInclude Include="menu_tray\ui_option_screen.h">
      <Filter>menu_tray</Filter>
    </ClInclude>
    <ClInclude Include="extended_control\button_hand_ui.h">
      <Filter>extended_control</Filter>
    </ClInclude>
    <ClInclude Include="data_transfer_control\data_transfer_control.h">
      <Filter>data_transfer_control</Filter>
    </ClInclude>
    <ClInclude Include="data_transfer_control\client_xml_request_resource_handler.h">
      <Filter>data_transfer_control</Filter>
    </ClInclude>
    <ClInclude Include="data_transfer_control\image_process.h">
      <Filter>data_transfer_control</Filter>
    </ClInclude>
    <ClInclude Include="main\CefBrowserClientFrameWnd.h">
      <Filter>main</Filter>
    </ClInclude>
    <ClInclude Include="main\EntryFrameWnd.h">
      <Filter>main</Filter>
    </ClInclude>
    <ClInclude Include="main\MultiSlicesImageDemo.h">
      <Filter>main</Filter>
    </ClInclude>
    <ClInclude Include="main\WidgetsDemoBase.h">
      <Filter>main</Filter>
    </ClInclude>
    <ClInclude Include="global_include.h">
      <Filter>头文件</Filter>
    </ClInclude>
    <ClInclude Include="main\vtk_dicom_demo\DicomView.h">
      <Filter>main\vtk_dicom_demo</Filter>
    </ClInclude>
    <ClInclude Include="main\EntryFrameWnd2.h">
      <Filter>main</Filter>
    </ClInclude>
    <ClInclude Include="main\MultiSlicesImageDemoSameSource.h">
      <Filter>main</Filter>
    </ClInclude>
    <ClInclude Include="main\analyzefilms_wnd.h">
      <Filter>main</Filter>
    </ClInclude>
    <ClInclude Include="main\vtk_3d\cross_view_vtk_actor.h">
      <Filter>main\vtk_3d</Filter>
    </ClInclude>
    <ClInclude Include="main\vtk_3d\left_down_vtk_actor.h">
      <Filter>main\vtk_3d</Filter>
    </ClInclude>
    <ClInclude Include="main\vtk_3d\cross_view_vtk_interactor_style.h">
      <Filter>main\vtk_3d</Filter>
    </ClInclude>
    <ClInclude Include="main\vtk_3d\widgets_mpr_vtk2.h">
      <Filter>main\vtk_3d</Filter>
    </ClInclude>
  </ItemGroup>
  <ItemGroup>
    <ClCompile Include="main\WndSimpleFrame.cpp">
      <Filter>main</Filter>
    </ClCompile>
    <ClCompile Include="main.cpp" />
    <ClCompile Include="main\BrowserWndManager.cpp">
      <Filter>main</Filter>
    </ClCompile>
    <ClCompile Include="main\WndFrameBase.cpp">
      <Filter>main</Filter>
    </ClCompile>
    <ClCompile Include="menu_tray\menu_tray_wnd.cpp">
      <Filter>menu_tray</Filter>
    </ClCompile>
    <ClCompile Include="menu_tray\menu_tray_set_wnd.cpp">
      <Filter>menu_tray</Filter>
    </ClCompile>
    <ClCompile Include="screen\screen_info_controller.cpp">
      <Filter>screen</Filter>
    </ClCompile>
    <ClCompile Include="main\print_preview.cpp">
      <Filter>main</Filter>
    </ClCompile>
    <ClCompile Include="main\WndSubFrame.cpp">
      <Filter>main</Filter>
    </ClCompile>
    <ClCompile Include="menu_tray\ui_option_screen.cpp">
      <Filter>menu_tray</Filter>
    </ClCompile>
    <ClCompile Include="extended_control\button_hand_ui.cpp">
      <Filter>extended_control</Filter>
    </ClCompile>
    <ClCompile Include="data_transfer_control\data_transfer_control.cpp">
      <Filter>data_transfer_control</Filter>
    </ClCompile>
    <ClCompile Include="data_transfer_control\image_process.cpp">
      <Filter>data_transfer_control</Filter>
    </ClCompile>
    <ClCompile Include="main\CefBrowserClientFrameWnd.cpp">
      <Filter>main</Filter>
    </ClCompile>
    <ClCompile Include="main\EntryFrameWnd.cpp">
      <Filter>main</Filter>
    </ClCompile>
    <ClCompile Include="main\MultiSlicesImageDemo.cpp">
      <Filter>main</Filter>
    </ClCompile>
    <ClCompile Include="main\WidgetsDemoBase.cpp">
      <Filter>main</Filter>
    </ClCompile>
    <ClCompile Include="main\vtk_dicom_demo\DicomView.cpp">
      <Filter>main\vtk_dicom_demo</Filter>
    </ClCompile>
    <ClCompile Include="main\EntryFrameWnd2.cpp">
      <Filter>main</Filter>
    </ClCompile>
    <ClCompile Include="main\MultiSlicesImageDemoSameSource.cpp">
      <Filter>main</Filter>
    </ClCompile>
    <ClCompile Include="main\analyzefilms_wnd.cpp">
      <Filter>main</Filter>
    </ClCompile>
    <ClCompile Include="main\vtk_3d\cross_view_vtk_actor.cpp">
      <Filter>main\vtk_3d</Filter>
    </ClCompile>
    <ClCompile Include="main\vtk_3d\left_down_vtk_actor.cpp">
      <Filter>main\vtk_3d</Filter>
    </ClCompile>
    <ClCompile Include="main\vtk_3d\cross_view_vtk_interactor_style.cpp">
      <Filter>main\vtk_3d</Filter>
    </ClCompile>
    <ClCompile Include="main\vtk_3d\widgets_mpr_vtk2.cpp">
      <Filter>main\vtk_3d</Filter>
    </ClCompile>
  </ItemGroup>
  <ItemGroup>
    <ResourceCompile Include="Resource.rc">
      <Filter>resources</Filter>
    </ResourceCompile>
  </ItemGroup>
  <ItemGroup>
    <Image Include="..\resource\images\logo256x256.ico">
      <Filter>resources\images</Filter>
    </Image>
  </ItemGroup>
  <ItemGroup>
    <Xml Include="..\bin\release\Skin\WndSimpleFrame.xml">
      <Filter>resources\Skin</Filter>
    </Xml>
    <Xml Include="..\bin\release\Skin\print_preview.xml">
      <Filter>resources\Skin</Filter>
    </Xml>
    <Xml Include="..\bin\release\Skin\menu_tray\menu_tray.xml">
      <Filter>resources\Skin</Filter>
    </Xml>
    <Xml Include="..\bin\release\Skin\menu_tray\menu_tray_set.xml">
      <Filter>resources\Skin</Filter>
    </Xml>
  </ItemGroup>
</Project>